{
  "name": "day13_nodeJs",
  "lockfileVersion": 2,
  "requires": true,
  "packages": {
    "": {
      "dependencies": {
        "mouli786": "^1.1.0"
      }
    },
    "node_modules/mouli786": {
      "version": "1.1.0",
      "resolved": "https://registry.npmjs.org/mouli786/-/mouli786-1.1.0.tgz",
      "integrity": "sha512-gHpk+Tjz0AGLF0Bks9pgYFwAWp2/8RhGSKxac4ZNoxNIwx+Q1Fx1L6P9VVn2J8HKcj6LQtZjBae8I77pAumQDQ=="
    }
  },
  "dependencies": {
    "mouli786": {
      "version": "1.1.0",
      "resolved": "https://registry.npmjs.org/mouli786/-/mouli786-1.1.0.tgz",
      "integrity": "sha512-gHpk+Tjz0AGLF0Bks9pgYFwAWp2/8RhGSKxac4ZNoxNIwx+Q1Fx1L6P9VVn2J8HKcj6LQtZjBae8I77pAumQDQ=="
    }
  }
}
